
Microsoft Visual Studio Solution File, Format Version 12.00
# Visual Studio 15
VisualStudioVersion = 15.0.28307.1705
MinimumVisualStudioVersion = 10.0.40219.1
Project("{FAE04EC0-301F-11D3-BF4B-00C04F79EFBC}") = "musteri_takip_proje", "musteri_takip_proje\musteri_takip_proje.csproj", "{D0448A05-5429-4F08-A71E-13B5E9EA2018}"
EndProject
Project("{54435603-DBB4-11D2-8724-00A0C9A8B90C}") = "MusteriTakipSetup", "..\..\..\Desktop\SetupMusteriTakip\MusteriTakipSetup\MusteriTakipSetup.vdproj", "{EBAA2BB0-B858-4393-92B6-E30F1E255060}"
EndProject
Global
	GlobalSection(SolutionConfigurationPlatforms) = preSolution
		Debug|Any CPU = Debug|Any CPU
		Release|Any CPU = Release|Any CPU
	EndGlobalSection
	GlobalSection(ProjectConfigurationPlatforms) = postSolution
		{D0448A05-5429-4F08-A71E-13B5E9EA2018}.Debug|Any CPU.ActiveCfg = Debug|Any CPU
		{D0448A05-5429-4F08-A71E-13B5E9EA2018}.Debug|Any CPU.Build.0 = Debug|Any CPU
		{D0448A05-5429-4F08-A71E-13B5E9EA2018}.Release|Any CPU.ActiveCfg = Release|Any CPU
		{D0448A05-5429-4F08-A71E-13B5E9EA2018}.Release|Any CPU.Build.0 = Release|Any CPU
		{EBAA2BB0-B858-4393-92B6-E30F1E255060}.Debug|Any CPU.ActiveCfg = Debug
		{EBAA2BB0-B858-4393-92B6-E30F1E255060}.Release|Any CPU.ActiveCfg = Release
	EndGlobalSection
	GlobalSection(SolutionProperties) = preSolution
		HideSolutionNode = FALSE
	EndGlobalSection
	GlobalSection(ExtensibilityGlobals) = postSolution
		SolutionGuid = {29FFBF90-2338-47CF-984C-435DC152ED9B}
	EndGlobalSection
EndGlobal
